
Microsoft Visual Studio Solution File, Format Version 12.00
# Visual Studio Version 16
VisualStudioVersion = 16.0.28803.452
MinimumVisualStudioVersion = 10.0.40219.1
Project("{FAE04EC0-301F-11D3-BF4B-00C04F79EFBC}") = "lesson 4.1", "lesson 4.1\lesson 4.1.csproj", "{1E0CCE29-BCD8-4321-9A38-DED055C9E99E}"
EndProject
Global
	GlobalSection(SolutionConfigurationPlatforms) = preSolution
		Debug|Any CPU = Debug|Any CPU
		Release|Any CPU = Release|Any CPU
	EndGlobalSection
	GlobalSection(ProjectConfigurationPlatforms) = postSolution
		{1E0CCE29-BCD8-4321-9A38-DED055C9E99E}.Debug|Any CPU.ActiveCfg = Debug|Any CPU
		{1E0CCE29-BCD8-4321-9A38-DED055C9E99E}.Debug|Any CPU.Build.0 = Debug|Any CPU
		{1E0CCE29-BCD8-4321-9A38-DED055C9E99E}.Release|Any CPU.ActiveCfg = Release|Any CPU
		{1E0CCE29-BCD8-4321-9A38-DED055C9E99E}.Release|Any CPU.Build.0 = Release|Any CPU
	EndGlobalSection
	GlobalSection(SolutionProperties) = preSolution
		HideSolutionNode = FALSE
	EndGlobalSection
	GlobalSection(ExtensibilityGlobals) = postSolution
		SolutionGuid = {C428EB72-B4D5-4006-A95A-9525B47E4537}
	EndGlobalSection
EndGlobal
